
Microsoft Visual Studio Solution File, Format Version 11.00
# Visual Studio 2010
Project("{FAE04EC0-301F-11D3-BF4B-00C04F79EFBC}") = "PlantVsZombie", "PlantVsZombie\PlantVsZombie.csproj", "{C93EF526-8ABC-4FF1-94ED-A27F5DD9B821}"
EndProject
Global
	GlobalSection(SolutionConfigurationPlatforms) = preSolution
		Debug|x86 = Debug|x86
		Release|x86 = Release|x86
	EndGlobalSection
	GlobalSection(ProjectConfigurationPlatforms) = postSolution
		{C93EF526-8ABC-4FF1-94ED-A27F5DD9B821}.Debug|x86.ActiveCfg = Debug|x86
		{C93EF526-8ABC-4FF1-94ED-A27F5DD9B821}.Debug|x86.Build.0 = Debug|x86
		{C93EF526-8ABC-4FF1-94ED-A27F5DD9B821}.Release|x86.ActiveCfg = Release|x86
		{C93EF526-8ABC-4FF1-94ED-A27F5DD9B821}.Release|x86.Build.0 = Release|x86
	EndGlobalSection
	GlobalSection(SolutionProperties) = preSolution
		HideSolutionNode = FALSE
	EndGlobalSection
EndGlobal
